github.com/brianvoe/gofakeit/v6 v6.28.0 h1:Xib46XXuQfmlLS2EXRuJpqcw8St6qSZz75OUo0tgAW4=
github.com/brianvoe/gofakeit/v6 v6.28.0/go.mod h1:Xj58BMSnFqcn/fAQeSK+/PLtC5kSb7FJIq4JyGa8vEs=
github.com/go-faker/faker/v4 v4.4.2 h1:96WeU9QKEqRUVYdjHquY2/5bAqmVM0IfGKHV5mbfqmQ=
github.com/go-faker/faker/v4 v4.4.2/go.mod h1:4K3v4AbKXYNHMQNaREMc9/kRB9j5JJzpFo6KHRvrcIw=
golang.org/x/text v0.15.0 h1:h1V/4gjBv8v9cjcR6+AR5+/cIYK5N/WAgiv4xlsEtAk=
golang.org/x/text v0.15.0/go.mod h1:18ZOQIKpY8NJVqYksKHtTdi31H5itFRjB5/qKTNYzSU=
